
Microsoft Visual Studio Solution File, Format Version 12.00
# Visual Studio Version 17
VisualStudioVersion = 17.10.35027.167
MinimumVisualStudioVersion = 10.0.40219.1
Project("{9A19103F-16F7-4668-BE54-9A1E7A4F7556}") = "FigureLibrary", "FigureLibrary\FigureLibrary.csproj", "{DE96929F-4F34-40D0-B135-68B31C2567B2}"
EndProject
Project("{9A19103F-16F7-4668-BE54-9A1E7A4F7556}") = "ConsoleAppFigure", "ConsoleAppFigure\ConsoleAppFigure.csproj", "{FB644BB6-D410-411F-A33D-41F835EDC984}"
EndProject
Global
	GlobalSection(SolutionConfigurationPlatforms) = preSolution
		Debug|Any CPU = Debug|Any CPU
		Release|Any CPU = Release|Any CPU
	EndGlobalSection
	GlobalSection(ProjectConfigurationPlatforms) = postSolution
		{DE96929F-4F34-40D0-B135-68B31C2567B2}.Debug|Any CPU.ActiveCfg = Debug|Any CPU
		{DE96929F-4F34-40D0-B135-68B31C2567B2}.Debug|Any CPU.Build.0 = Debug|Any CPU
		{DE96929F-4F34-40D0-B135-68B31C2567B2}.Release|Any CPU.ActiveCfg = Release|Any CPU
		{DE96929F-4F34-40D0-B135-68B31C2567B2}.Release|Any CPU.Build.0 = Release|Any CPU
		{FB644BB6-D410-411F-A33D-41F835EDC984}.Debug|Any CPU.ActiveCfg = Debug|Any CPU
		{FB644BB6-D410-411F-A33D-41F835EDC984}.Debug|Any CPU.Build.0 = Debug|Any CPU
		{FB644BB6-D410-411F-A33D-41F835EDC984}.Release|Any CPU.ActiveCfg = Release|Any CPU
		{FB644BB6-D410-411F-A33D-41F835EDC984}.Release|Any CPU.Build.0 = Release|Any CPU
	EndGlobalSection
	GlobalSection(SolutionProperties) = preSolution
		HideSolutionNode = FALSE
	EndGlobalSection
	GlobalSection(ExtensibilityGlobals) = postSolution
		SolutionGuid = {5F508E93-0D5E-4377-ACAF-4E2205F9C8C1}
	EndGlobalSection
EndGlobal
